
Microsoft Visual Studio Solution File, Format Version 12.00
# Visual Studio Version 16
VisualStudioVersion = 16.0.28803.352
MinimumVisualStudioVersion = 10.0.40219.1
Project("{FAE04EC0-301F-11D3-BF4B-00C04F79EFBC}") = "PruebaExcepciones", "PruebaExcepciones\PruebaExcepciones.csproj", "{E9D4BA0D-5A93-4E3F-96B6-BA1AB93A25DB}"
EndProject
Global
	GlobalSection(SolutionConfigurationPlatforms) = preSolution
		Debug|Any CPU = Debug|Any CPU
		Release|Any CPU = Release|Any CPU
	EndGlobalSection
	GlobalSection(ProjectConfigurationPlatforms) = postSolution
		{E9D4BA0D-5A93-4E3F-96B6-BA1AB93A25DB}.Debug|Any CPU.ActiveCfg = Debug|Any CPU
		{E9D4BA0D-5A93-4E3F-96B6-BA1AB93A25DB}.Debug|Any CPU.Build.0 = Debug|Any CPU
		{E9D4BA0D-5A93-4E3F-96B6-BA1AB93A25DB}.Release|Any CPU.ActiveCfg = Release|Any CPU
		{E9D4BA0D-5A93-4E3F-96B6-BA1AB93A25DB}.Release|Any CPU.Build.0 = Release|Any CPU
	EndGlobalSection
	GlobalSection(SolutionProperties) = preSolution
		HideSolutionNode = FALSE
	EndGlobalSection
	GlobalSection(ExtensibilityGlobals) = postSolution
		SolutionGuid = {6B2305CD-C99A-4F7D-9422-8D583FD25C69}
	EndGlobalSection
EndGlobal
